
Microsoft Visual Studio Solution File, Format Version 12.00
# Visual Studio Version 16
VisualStudioVersion = 16.0.31019.35
MinimumVisualStudioVersion = 10.0.40219.1
Project("{9A19103F-16F7-4668-BE54-9A1E7A4F7556}") = "HotelBooking", "HotelBooking\HotelBooking.csproj", "{46D9B609-C611-44DD-8E81-F8A9E1B394E9}"
EndProject
Global
	GlobalSection(SolutionConfigurationPlatforms) = preSolution
		Debug|Any CPU = Debug|Any CPU
		Release|Any CPU = Release|Any CPU
	EndGlobalSection
	GlobalSection(ProjectConfigurationPlatforms) = postSolution
		{46D9B609-C611-44DD-8E81-F8A9E1B394E9}.Debug|Any CPU.ActiveCfg = Debug|Any CPU
		{46D9B609-C611-44DD-8E81-F8A9E1B394E9}.Debug|Any CPU.Build.0 = Debug|Any CPU
		{46D9B609-C611-44DD-8E81-F8A9E1B394E9}.Release|Any CPU.ActiveCfg = Release|Any CPU
		{46D9B609-C611-44DD-8E81-F8A9E1B394E9}.Release|Any CPU.Build.0 = Release|Any CPU
	EndGlobalSection
	GlobalSection(SolutionProperties) = preSolution
		HideSolutionNode = FALSE
	EndGlobalSection
	GlobalSection(ExtensibilityGlobals) = postSolution
		SolutionGuid = {7F12E67A-1CA7-428F-9D12-EA552E6E6783}
	EndGlobalSection
EndGlobal
